// !$*UTF8*$!
{
	archiveVersion = 1;
	classes = {
	};
	objectVersion = 50;
	objects = {

/* Begin PBXBuildFile section */
		A690BF5C246407DB00093CD1 /* AppDelegate.swift in Sources */ = {isa = PBXBuildFile; fileRef = A690BF5B246407DB00093CD1 /* AppDelegate.swift */; };
		A690BF5E246407DB00093CD1 /* SceneDelegate.swift in Sources */ = {isa = PBXBuildFile; fileRef = A690BF5D246407DB00093CD1 /* SceneDelegate.swift */; };
		A690BF60246407DB00093CD1 /* ViewController.swift in Sources */ = {isa = PBXBuildFile; fileRef = A690BF5F246407DB00093CD1 /* ViewController.swift */; };
		A690BF63246407DB00093CD1 /* Main.storyboard in Resources */ = {isa = PBXBuildFile; fileRef = A690BF61246407DB00093CD1 /* Main.storyboard */; };
		A690BF65246407DC00093CD1 /* Assets.xcassets in Resources */ = {isa = PBXBuildFile; fileRef = A690BF64246407DC00093CD1 /* Assets.xcassets */; };
		A690BF68246407DC00093CD1 /* LaunchScreen.storyboard in Resources */ = {isa = PBXBuildFile; fileRef = A690BF66246407DC00093CD1 /* LaunchScreen.storyboard */; };
		A690BF71246408CC00093CD1 /* FIRAnalyticsConnector.framework in Frameworks */ = {isa = PBXBuildFile; fileRef = A690BF70246408CC00093CD1 /* FIRAnalyticsConnector.framework */; };
		A690BF79246408E100093CD1 /* FirebaseAnalytics.framework in Frameworks */ = {isa = PBXBuildFile; fileRef = A690BF78246408E100093CD1 /* FirebaseAnalytics.framework */; };
		A690BF7C246408EF00093CD1 /* FirebaseCore.framework in Frameworks */ = {isa = PBXBuildFile; fileRef = A690BF7B246408EF00093CD1 /* FirebaseCore.framework */; };
		A690BF80246408FF00093CD1 /* FirebaseCoreDiagnostics.framework in Frameworks */ = {isa = PBXBuildFile; fileRef = A690BF7F246408FF00093CD1 /* FirebaseCoreDiagnostics.framework */; };
		A690BF842464090E00093CD1 /* FirebaseCrashlytics.framework in Frameworks */ = {isa = PBXBuildFile; fileRef = A690BF832464090E00093CD1 /* FirebaseCrashlytics.framework */; };
		A690BF882464091F00093CD1 /* FirebaseInstallations.framework in Frameworks */ = {isa = PBXBuildFile; fileRef = A690BF872464091F00093CD1 /* FirebaseInstallations.framework */; };
		A690BF8C2464093500093CD1 /* GoogleAppMeasurement.framework in Frameworks */ = {isa = PBXBuildFile; fileRef = A690BF8B2464093500093CD1 /* GoogleAppMeasurement.framework */; };
		A690BF902464094400093CD1 /* GoogleDataTransport.framework in Frameworks */ = {isa = PBXBuildFile; fileRef = A690BF8F2464094400093CD1 /* GoogleDataTransport.framework */; };
		A690BF942464095700093CD1 /* GoogleDataTransportCCTSupport.framework in Frameworks */ = {isa = PBXBuildFile; fileRef = A690BF932464095700093CD1 /* GoogleDataTransportCCTSupport.framework */; };
		A690BF982464096D00093CD1 /* GoogleUtilities.framework in Frameworks */ = {isa = PBXBuildFile; fileRef = A690BF972464096D00093CD1 /* GoogleUtilities.framework */; };
		A690BF9C2464097B00093CD1 /* nanopb.framework in Frameworks */ = {isa = PBXBuildFile; fileRef = A690BF9B2464097B00093CD1 /* nanopb.framework */; };
		A690BFA02464098800093CD1 /* PromisesObjC.framework in Frameworks */ = {isa = PBXBuildFile; fileRef = A690BF9F2464098800093CD1 /* PromisesObjC.framework */; };
		A690BFA424640A2700093CD1 /* GoogleService-Info.plist in Resources */ = {isa = PBXBuildFile; fileRef = A690BFA324640A2700093CD1 /* GoogleService-Info.plist */; };
/* End PBXBuildFile section */

/* Begin PBXFileReference section */
		A690BF58246407DB00093CD1 /* FirebaseAnalyticsSample.app */ = {isa = PBXFileReference; explicitFileType = wrapper.application; includeInIndex = 0; path = FirebaseAnalyticsSample.app; sourceTree = BUILT_PRODUCTS_DIR; };
		A690BF5B246407DB00093CD1 /* AppDelegate.swift */ = {isa = PBXFileReference; lastKnownFileType = sourcecode.swift; path = AppDelegate.swift; sourceTree = "<group>"; };
		A690BF5D246407DB00093CD1 /* SceneDelegate.swift */ = {isa = PBXFileReference; lastKnownFileType = sourcecode.swift; path = SceneDelegate.swift; sourceTree = "<group>"; };
		A690BF5F246407DB00093CD1 /* ViewController.swift */ = {isa = PBXFileReference; lastKnownFileType = sourcecode.swift; path = ViewController.swift; sourceTree = "<group>"; };
		A690BF62246407DB00093CD1 /* Base */ = {isa = PBXFileReference; lastKnownFileType = file.storyboard; name = Base; path = Base.lproj/Main.storyboard; sourceTree = "<group>"; };
		A690BF64246407DC00093CD1 /* Assets.xcassets */ = {isa = PBXFileReference; lastKnownFileType = folder.assetcatalog; path = Assets.xcassets; sourceTree = "<group>"; };
		A690BF67246407DC00093CD1 /* Base */ = {isa = PBXFileReference; lastKnownFileType = file.storyboard; name = Base; path = Base.lproj/LaunchScreen.storyboard; sourceTree = "<group>"; };
		A690BF69246407DC00093CD1 /* Info.plist */ = {isa = PBXFileReference; lastKnownFileType = text.plist.xml; path = Info.plist; sourceTree = "<group>"; };
		A690BF70246408CC00093CD1 /* FIRAnalyticsConnector.framework */ = {isa = PBXFileReference; lastKnownFileType = wrapper.framework; name = FIRAnalyticsConnector.framework; path = Carthage/Build/iOS/FIRAnalyticsConnector.framework; sourceTree = "<group>"; };
		A690BF74246408D800093CD1 /* Firebase.framework */ = {isa = PBXFileReference; lastKnownFileType = wrapper.framework; name = Firebase.framework; path = Carthage/Build/iOS/Firebase.framework; sourceTree = "<group>"; };
		A690BF78246408E100093CD1 /* FirebaseAnalytics.framework */ = {isa = PBXFileReference; lastKnownFileType = wrapper.framework; name = FirebaseAnalytics.framework; path = Carthage/Build/iOS/FirebaseAnalytics.framework; sourceTree = "<group>"; };
		A690BF7B246408EF00093CD1 /* FirebaseCore.framework */ = {isa = PBXFileReference; lastKnownFileType = wrapper.framework; name = FirebaseCore.framework; path = Carthage/Build/iOS/FirebaseCore.framework; sourceTree = "<group>"; };
		A690BF7F246408FF00093CD1 /* FirebaseCoreDiagnostics.framework */ = {isa = PBXFileReference; lastKnownFileType = wrapper.framework; name = FirebaseCoreDiagnostics.framework; path = Carthage/Build/iOS/FirebaseCoreDiagnostics.framework; sourceTree = "<group>"; };
		A690BF832464090E00093CD1 /* FirebaseCrashlytics.framework */ = {isa = PBXFileReference; lastKnownFileType = wrapper.framework; name = FirebaseCrashlytics.framework; path = Carthage/Build/iOS/FirebaseCrashlytics.framework; sourceTree = "<group>"; };
		A690BF872464091F00093CD1 /* FirebaseInstallations.framework */ = {isa = PBXFileReference; lastKnownFileType = wrapper.framework; name = FirebaseInstallations.framework; path = Carthage/Build/iOS/FirebaseInstallations.framework; sourceTree = "<group>"; };
		A690BF8B2464093500093CD1 /* GoogleAppMeasurement.framework */ = {isa = PBXFileReference; lastKnownFileType = wrapper.framework; name = GoogleAppMeasurement.framework; path = Carthage/Build/iOS/GoogleAppMeasurement.framework; sourceTree = "<group>"; };
		A690BF8F2464094400093CD1 /* GoogleDataTransport.framework */ = {isa = PBXFileReference; lastKnownFileType = wrapper.framework; name = GoogleDataTransport.framework; path = Carthage/Build/iOS/GoogleDataTransport.framework; sourceTree = "<group>"; };
		A690BF932464095700093CD1 /* GoogleDataTransportCCTSupport.framework */ = {isa = PBXFileReference; lastKnownFileType = wrapper.framework; name = GoogleDataTransportCCTSupport.framework; path = Carthage/Build/iOS/GoogleDataTransportCCTSupport.framework; sourceTree = "<group>"; };
		A690BF972464096D00093CD1 /* GoogleUtilities.framework */ = {isa = PBXFileReference; lastKnownFileType = wrapper.framework; name = GoogleUtilities.framework; path = Carthage/Build/iOS/GoogleUtilities.framework; sourceTree = "<group>"; };
		A690BF9B2464097B00093CD1 /* nanopb.framework */ = {isa = PBXFileReference; lastKnownFileType = wrapper.framework; name = nanopb.framework; path = Carthage/Build/iOS/nanopb.framework; sourceTree = "<group>"; };
		A690BF9F2464098800093CD1 /* PromisesObjC.framework */ = {isa = PBXFileReference; lastKnownFileType = wrapper.framework; name = PromisesObjC.framework; path = Carthage/Build/iOS/PromisesObjC.framework; sourceTree = "<group>"; };
		A690BFA324640A2700093CD1 /* GoogleService-Info.plist */ = {isa = PBXFileReference; fileEncoding = 4; lastKnownFileType = text.plist.xml; name = "GoogleService-Info.plist"; path = "../../../Downloads/GoogleService-Info.plist"; sourceTree = "<group>"; };
/* End PBXFileReference section */

/* Begin PBXFrameworksBuildPhase section */
		A690BF55246407DB00093CD1 /* Frameworks */ = {
			isa = PBXFrameworksBuildPhase;
			buildActionMask = 2147483647;
			files = (
				A690BFA02464098800093CD1 /* PromisesObjC.framework in Frameworks */,
				A690BF7C246408EF00093CD1 /* FirebaseCore.framework in Frameworks */,
				A690BF71246408CC00093CD1 /* FIRAnalyticsConnector.framework in Frameworks */,
				A690BF80246408FF00093CD1 /* FirebaseCoreDiagnostics.framework in Frameworks */,
				A690BF842464090E00093CD1 /* FirebaseCrashlytics.framework in Frameworks */,
				A690BF79246408E100093CD1 /* FirebaseAnalytics.framework in Frameworks */,
				A690BF902464094400093CD1 /* GoogleDataTransport.framework in Frameworks */,
				A690BF8C2464093500093CD1 /* GoogleAppMeasurement.framework in Frameworks */,
				A690BF942464095700093CD1 /* GoogleDataTransportCCTSupport.framework in Frameworks */,
				A690BF882464091F00093CD1 /* FirebaseInstallations.framework in Frameworks */,
				A690BF9C2464097B00093CD1 /* nanopb.framework in Frameworks */,
				A690BF982464096D00093CD1 /* GoogleUtilities.framework in Frameworks */,
			);
			runOnlyForDeploymentPostprocessing = 0;
		};
/* End PBXFrameworksBuildPhase section */

/* Begin PBXGroup section */
		A690BF4F246407DB00093CD1 = {
			isa = PBXGroup;
			children = (
				A690BF5A246407DB00093CD1 /* FirebaseAnalyticsSample */,
				A690BF59246407DB00093CD1 /* Products */,
				A690BF6F246408CC00093CD1 /* Frameworks */,
			);
			sourceTree = "<group>";
		};
		A690BF59246407DB00093CD1 /* Products */ = {
			isa = PBXGroup;
			children = (
				A690BF58246407DB00093CD1 /* FirebaseAnalyticsSample.app */,
			);
			name = Products;
			sourceTree = "<group>";
		};
		A690BF5A246407DB00093CD1 /* FirebaseAnalyticsSample */ = {
			isa = PBXGroup;
			children = (
				A690BF5B246407DB00093CD1 /* AppDelegate.swift */,
				A690BF5D246407DB00093CD1 /* SceneDelegate.swift */,
				A690BF5F246407DB00093CD1 /* ViewController.swift */,
				A690BF61246407DB00093CD1 /* Main.storyboard */,
				A690BF64246407DC00093CD1 /* Assets.xcassets */,
				A690BF66246407DC00093CD1 /* LaunchScreen.storyboard */,
				A690BF69246407DC00093CD1 /* Info.plist */,
				A690BFA324640A2700093CD1 /* GoogleService-Info.plist */,
			);
			path = FirebaseAnalyticsSample;
			sourceTree = "<group>";
		};
		A690BF6F246408CC00093CD1 /* Frameworks */ = {
			isa = PBXGroup;
			children = (
				A690BF9F2464098800093CD1 /* PromisesObjC.framework */,
				A690BF9B2464097B00093CD1 /* nanopb.framework */,
				A690BF972464096D00093CD1 /* GoogleUtilities.framework */,
				A690BF932464095700093CD1 /* GoogleDataTransportCCTSupport.framework */,
				A690BF8F2464094400093CD1 /* GoogleDataTransport.framework */,
				A690BF8B2464093500093CD1 /* GoogleAppMeasurement.framework */,
				A690BF872464091F00093CD1 /* FirebaseInstallations.framework */,
				A690BF832464090E00093CD1 /* FirebaseCrashlytics.framework */,
				A690BF7F246408FF00093CD1 /* FirebaseCoreDiagnostics.framework */,
				A690BF7B246408EF00093CD1 /* FirebaseCore.framework */,
				A690BF78246408E100093CD1 /* FirebaseAnalytics.framework */,
				A690BF74246408D800093CD1 /* Firebase.framework */,
				A690BF70246408CC00093CD1 /* FIRAnalyticsConnector.framework */,
			);
			name = Frameworks;
			sourceTree = "<group>";
		};
/* End PBXGroup section */

/* Begin PBXNativeTarget section */
		A690BF57246407DB00093CD1 /* FirebaseAnalyticsSample */ = {
			isa = PBXNativeTarget;
			buildConfigurationList = A690BF6C246407DC00093CD1 /* Build configuration list for PBXNativeTarget "FirebaseAnalyticsSample" */;
			buildPhases = (
				A690BF54246407DB00093CD1 /* Sources */,
				A690BF55246407DB00093CD1 /* Frameworks */,
				A690BF56246407DB00093CD1 /* Resources */,
				A695933F24652D7700AB5921 /* ShellScript */,
			);
			buildRules = (
			);
			dependencies = (
			);
			name = FirebaseAnalyticsSample;
			productName = FirebaseAnalyticsSample;
			productReference = A690BF58246407DB00093CD1 /* FirebaseAnalyticsSample.app */;
			productType = "com.apple.product-type.application";
		};
/* End PBXNativeTarget section */

/* Begin PBXProject section */
		A690BF50246407DB00093CD1 /* Project object */ = {
			isa = PBXProject;
			attributes = {
				LastSwiftUpdateCheck = 1120;
				LastUpgradeCheck = 1120;
				ORGANIZATIONNAME = satoshi.marumoto;
				TargetAttributes = {
					A690BF57246407DB00093CD1 = {
						CreatedOnToolsVersion = 11.2.1;
					};
				};
			};
			buildConfigurationList = A690BF53246407DB00093CD1 /* Build configuration list for PBXProject "FirebaseAnalyticsSample" */;
			compatibilityVersion = "Xcode 9.3";
			developmentRegion = en;
			hasScannedForEncodings = 0;
			knownRegions = (
				en,
				Base,
			);
			mainGroup = A690BF4F246407DB00093CD1;
			productRefGroup = A690BF59246407DB00093CD1 /* Products */;
			projectDirPath = "";
			projectRoot = "";
			targets = (
				A690BF57246407DB00093CD1 /* FirebaseAnalyticsSample */,
			);
		};
/* End PBXProject section */

/* Begin PBXResourcesBuildPhase section */
		A690BF56246407DB00093CD1 /* Resources */ = {
			isa = PBXResourcesBuildPhase;
			buildActionMask = 2147483647;
			files = (
				A690BF68246407DC00093CD1 /* LaunchScreen.storyboard in Resources */,
				A690BFA424640A2700093CD1 /* GoogleService-Info.plist in Resources */,
				A690BF65246407DC00093CD1 /* Assets.xcassets in Resources */,
				A690BF63246407DB00093CD1 /* Main.storyboard in Resources */,
			);
			runOnlyForDeploymentPostprocessing = 0;
		};
/* End PBXResourcesBuildPhase section */

/* Begin PBXShellScriptBuildPhase section */
		A695933F24652D7700AB5921 /* ShellScript */ = {
			isa = PBXShellScriptBuildPhase;
			buildActionMask = 2147483647;
			files = (
			);
			inputFileListPaths = (
			);
			inputPaths = (
				"${DWARF_DSYM_FOLDER_PATH}/${DWARF_DSYM_FILE_NAME}/Contents/Resources/DWARF/${TARGET_NAME}",
				"${BUILT_PRODUCTS_DIR}/${INFOPLIST_PATH}",
			);
			outputFileListPaths = (
			);
			outputPaths = (
			);
			runOnlyForDeploymentPostprocessing = 0;
			shellPath = /bin/sh;
			shellScript = "${PROJECT_DIR}/FirebaseCrashlytics/run\n";
		};
/* End PBXShellScriptBuildPhase section */

/* Begin PBXSourcesBuildPhase section */
		A690BF54246407DB00093CD1 /* Sources */ = {
			isa = PBXSourcesBuildPhase;
			buildActionMask = 2147483647;
			files = (
				A690BF60246407DB00093CD1 /* ViewController.swift in Sources */,
				A690BF5C246407DB00093CD1 /* AppDelegate.swift in Sources */,
				A690BF5E246407DB00093CD1 /* SceneDelegate.swift in Sources */,
			);
			runOnlyForDeploymentPostprocessing = 0;
		};
/* End PBXSourcesBuildPhase section */

/* Begin PBXVariantGroup section */
		A690BF61246407DB00093CD1 /* Main.storyboard */ = {
			isa = PBXVariantGroup;
			children = (
				A690BF62246407DB00093CD1 /* Base */,
			);
			name = Main.storyboard;
			sourceTree = "<group>";
		};
		A690BF66246407DC00093CD1 /* LaunchScreen.storyboard */ = {
			isa = PBXVariantGroup;
			children = (
				A690BF67246407DC00093CD1 /* Base */,
			);
			name = LaunchScreen.storyboard;
			sourceTree = "<group>";
		};
/* End PBXVariantGroup section */

/* Begin XCBuildConfiguration section */
		A690BF6A246407DC00093CD1 /* Debug */ = {
			isa = XCBuildConfiguration;
			buildSettings = {
				ALWAYS_SEARCH_USER_PATHS = NO;
				CLANG_ANALYZER_NONNULL = YES;
				CLANG_ANALYZER_NUMBER_OBJECT_CONVERSION = YES_AGGRESSIVE;
				CLANG_CXX_LANGUAGE_STANDARD = "gnu++14";
				CLANG_CXX_LIBRARY = "libc++";
				CLANG_ENABLE_MODULES = YES;
				CLANG_ENABLE_OBJC_ARC = YES;
				CLANG_ENABLE_OBJC_WEAK = YES;
				CLANG_WARN_BLOCK_CAPTURE_AUTORELEASING = YES;
				CLANG_WARN_BOOL_CONVERSION = YES;
				CLANG_WARN_COMMA = YES;
				CLANG_WARN_CONSTANT_CONVERSION = YES;
				CLANG_WARN_DEPRECATED_OBJC_IMPLEMENTATIONS = YES;
				CLANG_WARN_DIRECT_OBJC_ISA_USAGE = YES_ERROR;
				CLANG_WARN_DOCUMENTATION_COMMENTS = YES;
				CLANG_WARN_EMPTY_BODY = YES;
				CLANG_WARN_ENUM_CONVERSION = YES;
				CLANG_WARN_INFINITE_RECURSION = YES;
				CLANG_WARN_INT_CONVERSION = YES;
				CLANG_WARN_NON_LITERAL_NULL_CONVERSION = YES;
				CLANG_WARN_OBJC_IMPLICIT_RETAIN_SELF = YES;
				CLANG_WARN_OBJC_LITERAL_CONVERSION = YES;
				CLANG_WARN_OBJC_ROOT_CLASS = YES_ERROR;
				CLANG_WARN_RANGE_LOOP_ANALYSIS = YES;
				CLANG_WARN_STRICT_PROTOTYPES = YES;
				CLANG_WARN_SUSPICIOUS_MOVE = YES;
				CLANG_WARN_UNGUARDED_AVAILABILITY = YES_AGGRESSIVE;
				CLANG_WARN_UNREACHABLE_CODE = YES;
				CLANG_WARN__DUPLICATE_METHOD_MATCH = YES;
				COPY_PHASE_STRIP = NO;
				DEBUG_INFORMATION_FORMAT = "dwarf-with-dsym";
				ENABLE_STRICT_OBJC_MSGSEND = YES;
				ENABLE_TESTABILITY = YES;
				GCC_C_LANGUAGE_STANDARD = gnu11;
				GCC_DYNAMIC_NO_PIC = NO;
				GCC_NO_COMMON_BLOCKS = YES;
				GCC_OPTIMIZATION_LEVEL = 0;
				GCC_PREPROCESSOR_DEFINITIONS = (
					"DEBUG=1",
					"$(inherited)",
				);
				GCC_WARN_64_TO_32_BIT_CONVERSION = YES;
				GCC_WARN_ABOUT_RETURN_TYPE = YES_ERROR;
				GCC_WARN_UNDECLARED_SELECTOR = YES;
				GCC_WARN_UNINITIALIZED_AUTOS = YES_AGGRESSIVE;
				GCC_WARN_UNUSED_FUNCTION = YES;
				GCC_WARN_UNUSED_VARIABLE = YES;
				IPHONEOS_DEPLOYMENT_TARGET = 13.2;
				MTL_ENABLE_DEBUG_INFO = INCLUDE_SOURCE;
				MTL_FAST_MATH = YES;
				ONLY_ACTIVE_ARCH = YES;
				OTHER_LDFLAGS = (
					"$(OTHER_LDFLAGS)",
					"-ObjC",
				);
				SDKROOT = iphoneos;
				SWIFT_ACTIVE_COMPILATION_CONDITIONS = DEBUG;
				SWIFT_OPTIMIZATION_LEVEL = "-Onone";
			};
			name = Debug;
		};
		A690BF6B246407DC00093CD1 /* Release */ = {
			isa = XCBuildConfiguration;
			buildSettings = {
				ALWAYS_SEARCH_USER_PATHS = NO;
				CLANG_ANALYZER_NONNULL = YES;
				CLANG_ANALYZER_NUMBER_OBJECT_CONVERSION = YES_AGGRESSIVE;
				CLANG_CXX_LANGUAGE_STANDARD = "gnu++14";
				CLANG_CXX_LIBRARY = "libc++";
				CLANG_ENABLE_MODULES = YES;
				CLANG_ENABLE_OBJC_ARC = YES;
				CLANG_ENABLE_OBJC_WEAK = YES;
				CLANG_WARN_BLOCK_CAPTURE_AUTORELEASING = YES;
				CLANG_WARN_BOOL_CONVERSION = YES;
				CLANG_WARN_COMMA = YES;
				CLANG_WARN_CONSTANT_CONVERSION = YES;
				CLANG_WARN_DEPRECATED_OBJC_IMPLEMENTATIONS = YES;
				CLANG_WARN_DIRECT_OBJC_ISA_USAGE = YES_ERROR;
				CLANG_WARN_DOCUMENTATION_COMMENTS = YES;
				CLANG_WARN_EMPTY_BODY = YES;
				CLANG_WARN_ENUM_CONVERSION = YES;
				CLANG_WARN_INFINITE_RECURSION = YES;
				CLANG_WARN_INT_CONVERSION = YES;
				CLANG_WARN_NON_LITERAL_NULL_CONVERSION = YES;
				CLANG_WARN_OBJC_IMPLICIT_RETAIN_SELF = YES;
				CLANG_WARN_OBJC_LITERAL_CONVERSION = YES;
				CLANG_WARN_OBJC_ROOT_CLASS = YES_ERROR;
				CLANG_WARN_RANGE_LOOP_ANALYSIS = YES;
				CLANG_WARN_STRICT_PROTOTYPES = YES;
				CLANG_WARN_SUSPICIOUS_MOVE = YES;
				CLANG_WARN_UNGUARDED_AVAILABILITY = YES_AGGRESSIVE;
				CLANG_WARN_UNREACHABLE_CODE = YES;
				CLANG_WARN__DUPLICATE_METHOD_MATCH = YES;
				COPY_PHASE_STRIP = NO;
				DEBUG_INFORMATION_FORMAT = "dwarf-with-dsym";
				ENABLE_NS_ASSERTIONS = NO;
				ENABLE_STRICT_OBJC_MSGSEND = YES;
				GCC_C_LANGUAGE_STANDARD = gnu11;
				GCC_NO_COMMON_BLOCKS = YES;
				GCC_WARN_64_TO_32_BIT_CONVERSION = YES;
				GCC_WARN_ABOUT_RETURN_TYPE = YES_ERROR;
				GCC_WARN_UNDECLARED_SELECTOR = YES;
				GCC_WARN_UNINITIALIZED_AUTOS = YES_AGGRESSIVE;
				GCC_WARN_UNUSED_FUNCTION = YES;
				GCC_WARN_UNUSED_VARIABLE = YES;
				IPHONEOS_DEPLOYMENT_TARGET = 13.2;
				MTL_ENABLE_DEBUG_INFO = NO;
				MTL_FAST_MATH = YES;
				OTHER_LDFLAGS = (
					"$(OTHER_LDFLAGS)",
					"-ObjC",
				);
				SDKROOT = iphoneos;
				SWIFT_COMPILATION_MODE = wholemodule;
				SWIFT_OPTIMIZATION_LEVEL = "-O";
				VALIDATE_PRODUCT = YES;
			};
			name = Release;
		};
		A690BF6D246407DC00093CD1 /* Debug */ = {
			isa = XCBuildConfiguration;
			buildSettings = {
				ASSETCATALOG_COMPILER_APPICON_NAME = AppIcon;
				CODE_SIGN_STYLE = Automatic;
				DEVELOPMENT_TEAM = YN4564NF9M;
				FRAMEWORK_SEARCH_PATHS = (
					"$(inherited)",
					"$(PROJECT_DIR)/Carthage/Build/iOS",
				);
				INFOPLIST_FILE = FirebaseAnalyticsSample/Info.plist;
				LD_RUNPATH_SEARCH_PATHS = (
					"$(inherited)",
					"@executable_path/Frameworks",
				);
				PRODUCT_BUNDLE_IDENTIFIER = satoshi.marumoto.FirebaseAnalyticsSample;
				PRODUCT_NAME = "$(TARGET_NAME)";
				SWIFT_VERSION = 5.0;
				TARGETED_DEVICE_FAMILY = "1,2";
			};
			name = Debug;
		};
		A690BF6E246407DC00093CD1 /* Release */ = {
			isa = XCBuildConfiguration;
			buildSettings = {
				ASSETCATALOG_COMPILER_APPICON_NAME = AppIcon;
				CODE_SIGN_STYLE = Automatic;
				DEVELOPMENT_TEAM = YN4564NF9M;
				FRAMEWORK_SEARCH_PATHS = (
					"$(inherited)",
					"$(PROJECT_DIR)/Carthage/Build/iOS",
				);
				INFOPLIST_FILE = FirebaseAnalyticsSample/Info.plist;
				LD_RUNPATH_SEARCH_PATHS = (
					"$(inherited)",
					"@executable_path/Frameworks",
				);
				PRODUCT_BUNDLE_IDENTIFIER = satoshi.marumoto.FirebaseAnalyticsSample;
				PRODUCT_NAME = "$(TARGET_NAME)";
				SWIFT_VERSION = 5.0;
				TARGETED_DEVICE_FAMILY = "1,2";
			};
			name = Release;
		};
/* End XCBuildConfiguration section */

/* Begin XCConfigurationList section */
		A690BF53246407DB00093CD1 /* Build configuration list for PBXProject "FirebaseAnalyticsSample" */ = {
			isa = XCConfigurationList;
			buildConfigurations = (
				A690BF6A246407DC00093CD1 /* Debug */,
				A690BF6B246407DC00093CD1 /* Release */,
			);
			defaultConfigurationIsVisible = 0;
			defaultConfigurationName = Release;
		};
		A690BF6C246407DC00093CD1 /* Build configuration list for PBXNativeTarget "FirebaseAnalyticsSample" */ = {
			isa = XCConfigurationList;
			buildConfigurations = (
				A690BF6D246407DC00093CD1 /* Debug */,
				A690BF6E246407DC00093CD1 /* Release */,
			);
			defaultConfigurationIsVisible = 0;
			defaultConfigurationName = Release;
		};
/* End XCConfigurationList section */
	};
	rootObject = A690BF50246407DB00093CD1 /* Project object */;
}
